// !$*UTF8*$!
{
	archiveVersion = 1;
	classes = {
	};
	objectVersion = 50;
	objects = {

/* Begin PBXBuildFile section */
		C07C8D4C26DB1FAB007657F1 /* SetGameCardTypes.swift in Sources */ = {isa = PBXBuildFile; fileRef = C07C8D4B26DB1FAB007657F1 /* SetGameCardTypes.swift */; };
		C07C8D4E26DB1FC5007657F1 /* SetGameCardProtocol.swift in Sources */ = {isa = PBXBuildFile; fileRef = C07C8D4D26DB1FC5007657F1 /* SetGameCardProtocol.swift */; };
		C07C8D5026DB2062007657F1 /* SetGameCardContent.swift in Sources */ = {isa = PBXBuildFile; fileRef = C07C8D4F26DB2062007657F1 /* SetGameCardContent.swift */; };
		C07C8D5326DB211E007657F1 /* SetGameShape.swift in Sources */ = {isa = PBXBuildFile; fileRef = C07C8D5226DB211E007657F1 /* SetGameShape.swift */; };
		C07C8D5526DB21A1007657F1 /* Shape+Fillment.swift in Sources */ = {isa = PBXBuildFile; fileRef = C07C8D5426DB21A1007657F1 /* Shape+Fillment.swift */; };
		C07C8D5726DB2460007657F1 /* SetGameCardBuilder.swift in Sources */ = {isa = PBXBuildFile; fileRef = C07C8D5626DB2460007657F1 /* SetGameCardBuilder.swift */; };
		C07C8D5926DB2B26007657F1 /* SetGameCardState.swift in Sources */ = {isa = PBXBuildFile; fileRef = C07C8D5826DB2B26007657F1 /* SetGameCardState.swift */; };
		C09273C226DC4C83009F2FF5 /* Cardify.swift in Sources */ = {isa = PBXBuildFile; fileRef = C09273C126DC4C83009F2FF5 /* Cardify.swift */; };
		C09273C426DC5B58009F2FF5 /* RoundendButton.swift in Sources */ = {isa = PBXBuildFile; fileRef = C09273C326DC5B58009F2FF5 /* RoundendButton.swift */; };
		C09273C626DC74FB009F2FF5 /* AspectVGrid.swift in Sources */ = {isa = PBXBuildFile; fileRef = C09273C526DC74FB009F2FF5 /* AspectVGrid.swift */; };
		C09459B826D9355800DDCFA2 /* SetGameApp.swift in Sources */ = {isa = PBXBuildFile; fileRef = C09459B726D9355800DDCFA2 /* SetGameApp.swift */; };
		C09459BA26D9355800DDCFA2 /* SetGameView.swift in Sources */ = {isa = PBXBuildFile; fileRef = C09459B926D9355800DDCFA2 /* SetGameView.swift */; };
		C09459BC26D9355900DDCFA2 /* Assets.xcassets in Resources */ = {isa = PBXBuildFile; fileRef = C09459BB26D9355900DDCFA2 /* Assets.xcassets */; };
		C09459BF26D9355900DDCFA2 /* Preview Assets.xcassets in Resources */ = {isa = PBXBuildFile; fileRef = C09459BE26D9355900DDCFA2 /* Preview Assets.xcassets */; };
		C09459CE26D938DF00DDCFA2 /* SetGameViewModel.swift in Sources */ = {isa = PBXBuildFile; fileRef = C09459CD26D938DF00DDCFA2 /* SetGameViewModel.swift */; };
		C09459D026D938EE00DDCFA2 /* SetGame.swift in Sources */ = {isa = PBXBuildFile; fileRef = C09459CF26D938EE00DDCFA2 /* SetGame.swift */; };
		C09459D226D98E0600DDCFA2 /* Diamond.swift in Sources */ = {isa = PBXBuildFile; fileRef = C09459D126D98E0600DDCFA2 /* Diamond.swift */; };
/* End PBXBuildFile section */

/* Begin PBXFileReference section */
		C07C8D4B26DB1FAB007657F1 /* SetGameCardTypes.swift */ = {isa = PBXFileReference; lastKnownFileType = sourcecode.swift; path = SetGameCardTypes.swift; sourceTree = "<group>"; };
		C07C8D4D26DB1FC5007657F1 /* SetGameCardProtocol.swift */ = {isa = PBXFileReference; lastKnownFileType = sourcecode.swift; path = SetGameCardProtocol.swift; sourceTree = "<group>"; };
		C07C8D4F26DB2062007657F1 /* SetGameCardContent.swift */ = {isa = PBXFileReference; lastKnownFileType = sourcecode.swift; path = SetGameCardContent.swift; sourceTree = "<group>"; };
		C07C8D5226DB211E007657F1 /* SetGameShape.swift */ = {isa = PBXFileReference; lastKnownFileType = sourcecode.swift; path = SetGameShape.swift; sourceTree = "<group>"; };
		C07C8D5426DB21A1007657F1 /* Shape+Fillment.swift */ = {isa = PBXFileReference; lastKnownFileType = sourcecode.swift; path = "Shape+Fillment.swift"; sourceTree = "<group>"; };
		C07C8D5626DB2460007657F1 /* SetGameCardBuilder.swift */ = {isa = PBXFileReference; lastKnownFileType = sourcecode.swift; path = SetGameCardBuilder.swift; sourceTree = "<group>"; };
		C07C8D5826DB2B26007657F1 /* SetGameCardState.swift */ = {isa = PBXFileReference; lastKnownFileType = sourcecode.swift; path = SetGameCardState.swift; sourceTree = "<group>"; };
		C09273C126DC4C83009F2FF5 /* Cardify.swift */ = {isa = PBXFileReference; lastKnownFileType = sourcecode.swift; path = Cardify.swift; sourceTree = "<group>"; };
		C09273C326DC5B58009F2FF5 /* RoundendButton.swift */ = {isa = PBXFileReference; lastKnownFileType = sourcecode.swift; path = RoundendButton.swift; sourceTree = "<group>"; };
		C09273C526DC74FB009F2FF5 /* AspectVGrid.swift */ = {isa = PBXFileReference; lastKnownFileType = sourcecode.swift; path = AspectVGrid.swift; sourceTree = "<group>"; };
		C09459B426D9355800DDCFA2 /* SetGame.app */ = {isa = PBXFileReference; explicitFileType = wrapper.application; includeInIndex = 0; path = SetGame.app; sourceTree = BUILT_PRODUCTS_DIR; };
		C09459B726D9355800DDCFA2 /* SetGameApp.swift */ = {isa = PBXFileReference; lastKnownFileType = sourcecode.swift; path = SetGameApp.swift; sourceTree = "<group>"; };
		C09459B926D9355800DDCFA2 /* SetGameView.swift */ = {isa = PBXFileReference; lastKnownFileType = sourcecode.swift; path = SetGameView.swift; sourceTree = "<group>"; };
		C09459BB26D9355900DDCFA2 /* Assets.xcassets */ = {isa = PBXFileReference; lastKnownFileType = folder.assetcatalog; path = Assets.xcassets; sourceTree = "<group>"; };
		C09459BE26D9355900DDCFA2 /* Preview Assets.xcassets */ = {isa = PBXFileReference; lastKnownFileType = folder.assetcatalog; path = "Preview Assets.xcassets"; sourceTree = "<group>"; };
		C09459C026D9355900DDCFA2 /* Info.plist */ = {isa = PBXFileReference; lastKnownFileType = text.plist.xml; path = Info.plist; sourceTree = "<group>"; };
		C09459CD26D938DF00DDCFA2 /* SetGameViewModel.swift */ = {isa = PBXFileReference; lastKnownFileType = sourcecode.swift; path = SetGameViewModel.swift; sourceTree = "<group>"; };
		C09459CF26D938EE00DDCFA2 /* SetGame.swift */ = {isa = PBXFileReference; lastKnownFileType = sourcecode.swift; path = SetGame.swift; sourceTree = "<group>"; };
		C09459D126D98E0600DDCFA2 /* Diamond.swift */ = {isa = PBXFileReference; lastKnownFileType = sourcecode.swift; path = Diamond.swift; sourceTree = "<group>"; };
/* End PBXFileReference section */

/* Begin PBXFrameworksBuildPhase section */
		C09459B126D9355800DDCFA2 /* Frameworks */ = {
			isa = PBXFrameworksBuildPhase;
			buildActionMask = 2147483647;
			files = (
			);
			runOnlyForDeploymentPostprocessing = 0;
		};
/* End PBXFrameworksBuildPhase section */

/* Begin PBXGroup section */
		C09459AB26D9355800DDCFA2 = {
			isa = PBXGroup;
			children = (
				C09459B626D9355800DDCFA2 /* SetGame */,
				C09459B526D9355800DDCFA2 /* Products */,
			);
			sourceTree = "<group>";
		};
		C09459B526D9355800DDCFA2 /* Products */ = {
			isa = PBXGroup;
			children = (
				C09459B426D9355800DDCFA2 /* SetGame.app */,
			);
			name = Products;
			sourceTree = "<group>";
		};
		C09459B626D9355800DDCFA2 /* SetGame */ = {
			isa = PBXGroup;
			children = (
				C09459C626D9382700DDCFA2 /* MVVM */,
				C09459C726D9382D00DDCFA2 /* Extensions */,
				C09459C826D9383400DDCFA2 /* CustomViews */,
				C09459C926D9384300DDCFA2 /* CustomTypes */,
				C09459B726D9355800DDCFA2 /* SetGameApp.swift */,
				C09459BB26D9355900DDCFA2 /* Assets.xcassets */,
				C09459C026D9355900DDCFA2 /* Info.plist */,
				C09459BD26D9355900DDCFA2 /* Preview Content */,
			);
			path = SetGame;
			sourceTree = "<group>";
		};
		C09459BD26D9355900DDCFA2 /* Preview Content */ = {
			isa = PBXGroup;
			children = (
				C09459BE26D9355900DDCFA2 /* Preview Assets.xcassets */,
			);
			path = "Preview Content";
			sourceTree = "<group>";
		};
		C09459C626D9382700DDCFA2 /* MVVM */ = {
			isa = PBXGroup;
			children = (
				C09459CA26D9385D00DDCFA2 /* Views */,
				C09459CB26D9387300DDCFA2 /* ModelViews */,
				C09459CC26D9388600DDCFA2 /* Models */,
			);
			path = MVVM;
			sourceTree = "<group>";
		};
		C09459C726D9382D00DDCFA2 /* Extensions */ = {
			isa = PBXGroup;
			children = (
				C07C8D5426DB21A1007657F1 /* Shape+Fillment.swift */,
			);
			path = Extensions;
			sourceTree = "<group>";
		};
		C09459C826D9383400DDCFA2 /* CustomViews */ = {
			isa = PBXGroup;
			children = (
				C07C8D5226DB211E007657F1 /* SetGameShape.swift */,
				C09273C126DC4C83009F2FF5 /* Cardify.swift */,
			);
			path = CustomViews;
			sourceTree = "<group>";
		};
		C09459C926D9384300DDCFA2 /* CustomTypes */ = {
			isa = PBXGroup;
			children = (
				C07C8D4B26DB1FAB007657F1 /* SetGameCardTypes.swift */,
				C07C8D4D26DB1FC5007657F1 /* SetGameCardProtocol.swift */,
				C07C8D4F26DB2062007657F1 /* SetGameCardContent.swift */,
				C07C8D5626DB2460007657F1 /* SetGameCardBuilder.swift */,
				C07C8D5826DB2B26007657F1 /* SetGameCardState.swift */,
				C09459D126D98E0600DDCFA2 /* Diamond.swift */,
				C09273C326DC5B58009F2FF5 /* RoundendButton.swift */,
				C09273C526DC74FB009F2FF5 /* AspectVGrid.swift */,
			);
			path = CustomTypes;
			sourceTree = "<group>";
		};
		C09459CA26D9385D00DDCFA2 /* Views */ = {
			isa = PBXGroup;
			children = (
				C09459B926D9355800DDCFA2 /* SetGameView.swift */,
			);
			path = Views;
			sourceTree = "<group>";
		};
		C09459CB26D9387300DDCFA2 /* ModelViews */ = {
			isa = PBXGroup;
			children = (
				C09459CD26D938DF00DDCFA2 /* SetGameViewModel.swift */,
			);
			path = ModelViews;
			sourceTree = "<group>";
		};
		C09459CC26D9388600DDCFA2 /* Models */ = {
			isa = PBXGroup;
			children = (
				C09459CF26D938EE00DDCFA2 /* SetGame.swift */,
			);
			path = Models;
			sourceTree = "<group>";
		};
/* End PBXGroup section */

/* Begin PBXNativeTarget section */
		C09459B326D9355800DDCFA2 /* SetGame */ = {
			isa = PBXNativeTarget;
			buildConfigurationList = C09459C326D9355900DDCFA2 /* Build configuration list for PBXNativeTarget "SetGame" */;
			buildPhases = (
				C09459B026D9355800DDCFA2 /* Sources */,
				C09459B126D9355800DDCFA2 /* Frameworks */,
				C09459B226D9355800DDCFA2 /* Resources */,
			);
			buildRules = (
			);
			dependencies = (
			);
			name = SetGame;
			productName = SetGame;
			productReference = C09459B426D9355800DDCFA2 /* SetGame.app */;
			productType = "com.apple.product-type.application";
		};
/* End PBXNativeTarget section */

/* Begin PBXProject section */
		C09459AC26D9355800DDCFA2 /* Project object */ = {
			isa = PBXProject;
			attributes = {
				LastSwiftUpdateCheck = 1250;
				LastUpgradeCheck = 1250;
				TargetAttributes = {
					C09459B326D9355800DDCFA2 = {
						CreatedOnToolsVersion = 12.5.1;
					};
				};
			};
			buildConfigurationList = C09459AF26D9355800DDCFA2 /* Build configuration list for PBXProject "SetGame" */;
			compatibilityVersion = "Xcode 9.3";
			developmentRegion = en;
			hasScannedForEncodings = 0;
			knownRegions = (
				en,
				Base,
			);
			mainGroup = C09459AB26D9355800DDCFA2;
			productRefGroup = C09459B526D9355800DDCFA2 /* Products */;
			projectDirPath = "";
			projectRoot = "";
			targets = (
				C09459B326D9355800DDCFA2 /* SetGame */,
			);
		};
/* End PBXProject section */

/* Begin PBXResourcesBuildPhase section */
		C09459B226D9355800DDCFA2 /* Resources */ = {
			isa = PBXResourcesBuildPhase;
			buildActionMask = 2147483647;
			files = (
				C09459BF26D9355900DDCFA2 /* Preview Assets.xcassets in Resources */,
				C09459BC26D9355900DDCFA2 /* Assets.xcassets in Resources */,
			);
			runOnlyForDeploymentPostprocessing = 0;
		};
/* End PBXResourcesBuildPhase section */

/* Begin PBXSourcesBuildPhase section */
		C09459B026D9355800DDCFA2 /* Sources */ = {
			isa = PBXSourcesBuildPhase;
			buildActionMask = 2147483647;
			files = (
				C09273C426DC5B58009F2FF5 /* RoundendButton.swift in Sources */,
				C09459CE26D938DF00DDCFA2 /* SetGameViewModel.swift in Sources */,
				C07C8D5326DB211E007657F1 /* SetGameShape.swift in Sources */,
				C07C8D5526DB21A1007657F1 /* Shape+Fillment.swift in Sources */,
				C09459BA26D9355800DDCFA2 /* SetGameView.swift in Sources */,
				C09459B826D9355800DDCFA2 /* SetGameApp.swift in Sources */,
				C07C8D5726DB2460007657F1 /* SetGameCardBuilder.swift in Sources */,
				C09273C226DC4C83009F2FF5 /* Cardify.swift in Sources */,
				C09273C626DC74FB009F2FF5 /* AspectVGrid.swift in Sources */,
				C07C8D5926DB2B26007657F1 /* SetGameCardState.swift in Sources */,
				C09459D226D98E0600DDCFA2 /* Diamond.swift in Sources */,
				C07C8D4E26DB1FC5007657F1 /* SetGameCardProtocol.swift in Sources */,
				C07C8D4C26DB1FAB007657F1 /* SetGameCardTypes.swift in Sources */,
				C07C8D5026DB2062007657F1 /* SetGameCardContent.swift in Sources */,
				C09459D026D938EE00DDCFA2 /* SetGame.swift in Sources */,
			);
			runOnlyForDeploymentPostprocessing = 0;
		};
/* End PBXSourcesBuildPhase section */

/* Begin XCBuildConfiguration section */
		C09459C126D9355900DDCFA2 /* Debug */ = {
			isa = XCBuildConfiguration;
			buildSettings = {
				ALWAYS_SEARCH_USER_PATHS = NO;
				CLANG_ANALYZER_NONNULL = YES;
				CLANG_ANALYZER_NUMBER_OBJECT_CONVERSION = YES_AGGRESSIVE;
				CLANG_CXX_LANGUAGE_STANDARD = "gnu++14";
				CLANG_CXX_LIBRARY = "libc++";
				CLANG_ENABLE_MODULES = YES;
				CLANG_ENABLE_OBJC_ARC = YES;
				CLANG_ENABLE_OBJC_WEAK = YES;
				CLANG_WARN_BLOCK_CAPTURE_AUTORELEASING = YES;
				CLANG_WARN_BOOL_CONVERSION = YES;
				CLANG_WARN_COMMA = YES;
				CLANG_WARN_CONSTANT_CONVERSION = YES;
				CLANG_WARN_DEPRECATED_OBJC_IMPLEMENTATIONS = YES;
				CLANG_WARN_DIRECT_OBJC_ISA_USAGE = YES_ERROR;
				CLANG_WARN_DOCUMENTATION_COMMENTS = YES;
				CLANG_WARN_EMPTY_BODY = YES;
				CLANG_WARN_ENUM_CONVERSION = YES;
				CLANG_WARN_INFINITE_RECURSION = YES;
				CLANG_WARN_INT_CONVERSION = YES;
				CLANG_WARN_NON_LITERAL_NULL_CONVERSION = YES;
				CLANG_WARN_OBJC_IMPLICIT_RETAIN_SELF = YES;
				CLANG_WARN_OBJC_LITERAL_CONVERSION = YES;
				CLANG_WARN_OBJC_ROOT_CLASS = YES_ERROR;
				CLANG_WARN_QUOTED_INCLUDE_IN_FRAMEWORK_HEADER = YES;
				CLANG_WARN_RANGE_LOOP_ANALYSIS = YES;
				CLANG_WARN_STRICT_PROTOTYPES = YES;
				CLANG_WARN_SUSPICIOUS_MOVE = YES;
				CLANG_WARN_UNGUARDED_AVAILABILITY = YES_AGGRESSIVE;
				CLANG_WARN_UNREACHABLE_CODE = YES;
				CLANG_WARN__DUPLICATE_METHOD_MATCH = YES;
				COPY_PHASE_STRIP = NO;
				DEBUG_INFORMATION_FORMAT = dwarf;
				ENABLE_STRICT_OBJC_MSGSEND = YES;
				ENABLE_TESTABILITY = YES;
				GCC_C_LANGUAGE_STANDARD = gnu11;
				GCC_DYNAMIC_NO_PIC = NO;
				GCC_NO_COMMON_BLOCKS = YES;
				GCC_OPTIMIZATION_LEVEL = 0;
				GCC_PREPROCESSOR_DEFINITIONS = (
					"DEBUG=1",
					"$(inherited)",
				);
				GCC_WARN_64_TO_32_BIT_CONVERSION = YES;
				GCC_WARN_ABOUT_RETURN_TYPE = YES_ERROR;
				GCC_WARN_UNDECLARED_SELECTOR = YES;
				GCC_WARN_UNINITIALIZED_AUTOS = YES_AGGRESSIVE;
				GCC_WARN_UNUSED_FUNCTION = YES;
				GCC_WARN_UNUSED_VARIABLE = YES;
				IPHONEOS_DEPLOYMENT_TARGET = 14.5;
				MTL_ENABLE_DEBUG_INFO = INCLUDE_SOURCE;
				MTL_FAST_MATH = YES;
				ONLY_ACTIVE_ARCH = YES;
				SDKROOT = iphoneos;
				SWIFT_ACTIVE_COMPILATION_CONDITIONS = DEBUG;
				SWIFT_OPTIMIZATION_LEVEL = "-Onone";
			};
			name = Debug;
		};
		C09459C226D9355900DDCFA2 /* Release */ = {
			isa = XCBuildConfiguration;
			buildSettings = {
				ALWAYS_SEARCH_USER_PATHS = NO;
				CLANG_ANALYZER_NONNULL = YES;
				CLANG_ANALYZER_NUMBER_OBJECT_CONVERSION = YES_AGGRESSIVE;
				CLANG_CXX_LANGUAGE_STANDARD = "gnu++14";
				CLANG_CXX_LIBRARY = "libc++";
				CLANG_ENABLE_MODULES = YES;
				CLANG_ENABLE_OBJC_ARC = YES;
				CLANG_ENABLE_OBJC_WEAK = YES;
				CLANG_WARN_BLOCK_CAPTURE_AUTORELEASING = YES;
				CLANG_WARN_BOOL_CONVERSION = YES;
				CLANG_WARN_COMMA = YES;
				CLANG_WARN_CONSTANT_CONVERSION = YES;
				CLANG_WARN_DEPRECATED_OBJC_IMPLEMENTATIONS = YES;
				CLANG_WARN_DIRECT_OBJC_ISA_USAGE = YES_ERROR;
				CLANG_WARN_DOCUMENTATION_COMMENTS = YES;
				CLANG_WARN_EMPTY_BODY = YES;
				CLANG_WARN_ENUM_CONVERSION = YES;
				CLANG_WARN_INFINITE_RECURSION = YES;
				CLANG_WARN_INT_CONVERSION = YES;
				CLANG_WARN_NON_LITERAL_NULL_CONVERSION = YES;
				CLANG_WARN_OBJC_IMPLICIT_RETAIN_SELF = YES;
				CLANG_WARN_OBJC_LITERAL_CONVERSION = YES;
				CLANG_WARN_OBJC_ROOT_CLASS = YES_ERROR;
				CLANG_WARN_QUOTED_INCLUDE_IN_FRAMEWORK_HEADER = YES;
				CLANG_WARN_RANGE_LOOP_ANALYSIS = YES;
				CLANG_WARN_STRICT_PROTOTYPES = YES;
				CLANG_WARN_SUSPICIOUS_MOVE = YES;
				CLANG_WARN_UNGUARDED_AVAILABILITY = YES_AGGRESSIVE;
				CLANG_WARN_UNREACHABLE_CODE = YES;
				CLANG_WARN__DUPLICATE_METHOD_MATCH = YES;
				COPY_PHASE_STRIP = NO;
				DEBUG_INFORMATION_FORMAT = "dwarf-with-dsym";
				ENABLE_NS_ASSERTIONS = NO;
				ENABLE_STRICT_OBJC_MSGSEND = YES;
				GCC_C_LANGUAGE_STANDARD = gnu11;
				GCC_NO_COMMON_BLOCKS = YES;
				GCC_WARN_64_TO_32_BIT_CONVERSION = YES;
				GCC_WARN_ABOUT_RETURN_TYPE = YES_ERROR;
				GCC_WARN_UNDECLARED_SELECTOR = YES;
				GCC_WARN_UNINITIALIZED_AUTOS = YES_AGGRESSIVE;
				GCC_WARN_UNUSED_FUNCTION = YES;
				GCC_WARN_UNUSED_VARIABLE = YES;
				IPHONEOS_DEPLOYMENT_TARGET = 14.5;
				MTL_ENABLE_DEBUG_INFO = NO;
				MTL_FAST_MATH = YES;
				SDKROOT = iphoneos;
				SWIFT_COMPILATION_MODE = wholemodule;
				SWIFT_OPTIMIZATION_LEVEL = "-O";
				VALIDATE_PRODUCT = YES;
			};
			name = Release;
		};
		C09459C426D9355900DDCFA2 /* Debug */ = {
			isa = XCBuildConfiguration;
			buildSettings = {
				ASSETCATALOG_COMPILER_APPICON_NAME = AppIcon;
				ASSETCATALOG_COMPILER_GLOBAL_ACCENT_COLOR_NAME = AccentColor;
				CODE_SIGN_STYLE = Automatic;
				DEVELOPMENT_ASSET_PATHS = "\"SetGame/Preview Content\"";
				DEVELOPMENT_TEAM = YXP9U88588;
				ENABLE_PREVIEWS = YES;
				INFOPLIST_FILE = SetGame/Info.plist;
				IPHONEOS_DEPLOYMENT_TARGET = 14.0;
				LD_RUNPATH_SEARCH_PATHS = (
					"$(inherited)",
					"@executable_path/Frameworks",
				);
				PRODUCT_BUNDLE_IDENTIFIER = com.gabrieldm.stanford.SetGame;
				PRODUCT_NAME = "$(TARGET_NAME)";
				SWIFT_VERSION = 5.0;
				TARGETED_DEVICE_FAMILY = "1,2";
			};
			name = Debug;
		};
		C09459C526D9355900DDCFA2 /* Release */ = {
			isa = XCBuildConfiguration;
			buildSettings = {
				ASSETCATALOG_COMPILER_APPICON_NAME = AppIcon;
				ASSETCATALOG_COMPILER_GLOBAL_ACCENT_COLOR_NAME = AccentColor;
				CODE_SIGN_STYLE = Automatic;
				DEVELOPMENT_ASSET_PATHS = "\"SetGame/Preview Content\"";
				DEVELOPMENT_TEAM = YXP9U88588;
				ENABLE_PREVIEWS = YES;
				INFOPLIST_FILE = SetGame/Info.plist;
				IPHONEOS_DEPLOYMENT_TARGET = 14.0;
				LD_RUNPATH_SEARCH_PATHS = (
					"$(inherited)",
					"@executable_path/Frameworks",
				);
				PRODUCT_BUNDLE_IDENTIFIER = com.gabrieldm.stanford.SetGame;
				PRODUCT_NAME = "$(TARGET_NAME)";
				SWIFT_VERSION = 5.0;
				TARGETED_DEVICE_FAMILY = "1,2";
			};
			name = Release;
		};
/* End XCBuildConfiguration section */

/* Begin XCConfigurationList section */
		C09459AF26D9355800DDCFA2 /* Build configuration list for PBXProject "SetGame" */ = {
			isa = XCConfigurationList;
			buildConfigurations = (
				C09459C126D9355900DDCFA2 /* Debug */,
				C09459C226D9355900DDCFA2 /* Release */,
			);
			defaultConfigurationIsVisible = 0;
			defaultConfigurationName = Release;
		};
		C09459C326D9355900DDCFA2 /* Build configuration list for PBXNativeTarget "SetGame" */ = {
			isa = XCConfigurationList;
			buildConfigurations = (
				C09459C426D9355900DDCFA2 /* Debug */,
				C09459C526D9355900DDCFA2 /* Release */,
			);
			defaultConfigurationIsVisible = 0;
			defaultConfigurationName = Release;
		};
/* End XCConfigurationList section */
	};
	rootObject = C09459AC26D9355800DDCFA2 /* Project object */;
}
